# This file is automatically @generated by Cargo.
# It is not intended for manual editing.
version = 4

[[package]]
name = "hearsay-attribution"
version = "0.0.0"

[[package]]
name = "hearsay-capture"
version = "0.0.0"

[[package]]
name = "hearsay-core"
version = "0.0.0"

[[package]]
name = "hearsay-db"
version = "0.0.0"

[[package]]
name = "hearsay-inference"
version = "0.0.0"

[[package]]
name = "hearsay-ipc"
version = "0.0.0"

[[package]]
name = "hearsay-orchestrator"
version = "0.0.0"
